// !$*UTF8*$!
{
	archiveVersion = 1;
	classes = {
	};
	objectVersion = 46;
	objects = {

/* Begin PBXBuildFile section */
		941832071A51C3D70025FF0B /* AppDelegate.swift in Sources */ = {isa = PBXBuildFile; fileRef = 941832061A51C3D70025FF0B /* AppDelegate.swift */; };
		941832091A51C3D70025FF0B /* GameScene.sks in Resources */ = {isa = PBXBuildFile; fileRef = 941832081A51C3D70025FF0B /* GameScene.sks */; };
		9418320B1A51C3D70025FF0B /* GameScene.swift in Sources */ = {isa = PBXBuildFile; fileRef = 9418320A1A51C3D70025FF0B /* GameScene.swift */; };
		9418320D1A51C3D70025FF0B /* GameViewController.swift in Sources */ = {isa = PBXBuildFile; fileRef = 9418320C1A51C3D70025FF0B /* GameViewController.swift */; };
		941832101A51C3D70025FF0B /* Main.storyboard in Resources */ = {isa = PBXBuildFile; fileRef = 9418320E1A51C3D70025FF0B /* Main.storyboard */; };
		941832121A51C3D70025FF0B /* Images.xcassets in Resources */ = {isa = PBXBuildFile; fileRef = 941832111A51C3D70025FF0B /* Images.xcassets */; };
		941832151A51C3D70025FF0B /* LaunchScreen.xib in Resources */ = {isa = PBXBuildFile; fileRef = 941832131A51C3D70025FF0B /* LaunchScreen.xib */; };
		941832211A51C3D70025FF0B /* FlappyBirdCloneTests.swift in Sources */ = {isa = PBXBuildFile; fileRef = 941832201A51C3D70025FF0B /* FlappyBirdCloneTests.swift */; };
		941832311A51C6260025FF0B /* Ave1.png in Resources */ = {isa = PBXBuildFile; fileRef = 9418322B1A51C6260025FF0B /* Ave1.png */; };
		941832321A51C6260025FF0B /* Ave2.png in Resources */ = {isa = PBXBuildFile; fileRef = 9418322C1A51C6260025FF0B /* Ave2.png */; };
		941832331A51C6260025FF0B /* Fondo.png in Resources */ = {isa = PBXBuildFile; fileRef = 9418322D1A51C6260025FF0B /* Fondo.png */; };
		941832341A51C6260025FF0B /* Suelo.png in Resources */ = {isa = PBXBuildFile; fileRef = 9418322E1A51C6260025FF0B /* Suelo.png */; };
		941832351A51C6260025FF0B /* Tubo1.png in Resources */ = {isa = PBXBuildFile; fileRef = 9418322F1A51C6260025FF0B /* Tubo1.png */; };
		941832361A51C6260025FF0B /* Tubo2.png in Resources */ = {isa = PBXBuildFile; fileRef = 941832301A51C6260025FF0B /* Tubo2.png */; };
/* End PBXBuildFile section */

/* Begin PBXContainerItemProxy section */
		9418321B1A51C3D70025FF0B /* PBXContainerItemProxy */ = {
			isa = PBXContainerItemProxy;
			containerPortal = 941831F91A51C3D70025FF0B /* Project object */;
			proxyType = 1;
			remoteGlobalIDString = 941832001A51C3D70025FF0B;
			remoteInfo = FlappyBirdClone;
		};
/* End PBXContainerItemProxy section */

/* Begin PBXFileReference section */
		941832011A51C3D70025FF0B /* FlappyBirdClone.app */ = {isa = PBXFileReference; explicitFileType = wrapper.application; includeInIndex = 0; path = FlappyBirdClone.app; sourceTree = BUILT_PRODUCTS_DIR; };
		941832051A51C3D70025FF0B /* Info.plist */ = {isa = PBXFileReference; lastKnownFileType = text.plist.xml; path = Info.plist; sourceTree = "<group>"; };
		941832061A51C3D70025FF0B /* AppDelegate.swift */ = {isa = PBXFileReference; lastKnownFileType = sourcecode.swift; path = AppDelegate.swift; sourceTree = "<group>"; };
		941832081A51C3D70025FF0B /* GameScene.sks */ = {isa = PBXFileReference; lastKnownFileType = file.sks; path = GameScene.sks; sourceTree = "<group>"; };
		9418320A1A51C3D70025FF0B /* GameScene.swift */ = {isa = PBXFileReference; lastKnownFileType = sourcecode.swift; path = GameScene.swift; sourceTree = "<group>"; };
		9418320C1A51C3D70025FF0B /* GameViewController.swift */ = {isa = PBXFileReference; lastKnownFileType = sourcecode.swift; path = GameViewController.swift; sourceTree = "<group>"; };
		9418320F1A51C3D70025FF0B /* Base */ = {isa = PBXFileReference; lastKnownFileType = file.storyboard; name = Base; path = Base.lproj/Main.storyboard; sourceTree = "<group>"; };
		941832111A51C3D70025FF0B /* Images.xcassets */ = {isa = PBXFileReference; lastKnownFileType = folder.assetcatalog; path = Images.xcassets; sourceTree = "<group>"; };
		941832141A51C3D70025FF0B /* Base */ = {isa = PBXFileReference; lastKnownFileType = file.xib; name = Base; path = Base.lproj/LaunchScreen.xib; sourceTree = "<group>"; };
		9418321A1A51C3D70025FF0B /* FlappyBirdCloneTests.xctest */ = {isa = PBXFileReference; explicitFileType = wrapper.cfbundle; includeInIndex = 0; path = FlappyBirdCloneTests.xctest; sourceTree = BUILT_PRODUCTS_DIR; };
		9418321F1A51C3D70025FF0B /* Info.plist */ = {isa = PBXFileReference; lastKnownFileType = text.plist.xml; path = Info.plist; sourceTree = "<group>"; };
		941832201A51C3D70025FF0B /* FlappyBirdCloneTests.swift */ = {isa = PBXFileReference; lastKnownFileType = sourcecode.swift; path = FlappyBirdCloneTests.swift; sourceTree = "<group>"; };
		9418322B1A51C6260025FF0B /* Ave1.png */ = {isa = PBXFileReference; lastKnownFileType = image.png; path = Ave1.png; sourceTree = "<group>"; };
		9418322C1A51C6260025FF0B /* Ave2.png */ = {isa = PBXFileReference; lastKnownFileType = image.png; path = Ave2.png; sourceTree = "<group>"; };
		9418322D1A51C6260025FF0B /* Fondo.png */ = {isa = PBXFileReference; lastKnownFileType = image.png; path = Fondo.png; sourceTree = "<group>"; };
		9418322E1A51C6260025FF0B /* Suelo.png */ = {isa = PBXFileReference; lastKnownFileType = image.png; path = Suelo.png; sourceTree = "<group>"; };
		9418322F1A51C6260025FF0B /* Tubo1.png */ = {isa = PBXFileReference; lastKnownFileType = image.png; path = Tubo1.png; sourceTree = "<group>"; };
		941832301A51C6260025FF0B /* Tubo2.png */ = {isa = PBXFileReference; lastKnownFileType = image.png; path = Tubo2.png; sourceTree = "<group>"; };
/* End PBXFileReference section */

/* Begin PBXFrameworksBuildPhase section */
		941831FE1A51C3D70025FF0B /* Frameworks */ = {
			isa = PBXFrameworksBuildPhase;
			buildActionMask = 2147483647;
			files = (
			);
			runOnlyForDeploymentPostprocessing = 0;
		};
		941832171A51C3D70025FF0B /* Frameworks */ = {
			isa = PBXFrameworksBuildPhase;
			buildActionMask = 2147483647;
			files = (
			);
			runOnlyForDeploymentPostprocessing = 0;
		};
/* End PBXFrameworksBuildPhase section */

/* Begin PBXGroup section */
		941831F81A51C3D70025FF0B = {
			isa = PBXGroup;
			children = (
				9418322A1A51C6260025FF0B /* Recursos */,
				941832031A51C3D70025FF0B /* FlappyBirdClone */,
				9418321D1A51C3D70025FF0B /* FlappyBirdCloneTests */,
				941832021A51C3D70025FF0B /* Products */,
			);
			sourceTree = "<group>";
		};
		941832021A51C3D70025FF0B /* Products */ = {
			isa = PBXGroup;
			children = (
				941832011A51C3D70025FF0B /* FlappyBirdClone.app */,
				9418321A1A51C3D70025FF0B /* FlappyBirdCloneTests.xctest */,
			);
			name = Products;
			sourceTree = "<group>";
		};
		941832031A51C3D70025FF0B /* FlappyBirdClone */ = {
			isa = PBXGroup;
			children = (
				941832061A51C3D70025FF0B /* AppDelegate.swift */,
				941832081A51C3D70025FF0B /* GameScene.sks */,
				9418320A1A51C3D70025FF0B /* GameScene.swift */,
				9418320C1A51C3D70025FF0B /* GameViewController.swift */,
				9418320E1A51C3D70025FF0B /* Main.storyboard */,
				941832111A51C3D70025FF0B /* Images.xcassets */,
				941832131A51C3D70025FF0B /* LaunchScreen.xib */,
				941832041A51C3D70025FF0B /* Supporting Files */,
			);
			path = FlappyBirdClone;
			sourceTree = "<group>";
		};
		941832041A51C3D70025FF0B /* Supporting Files */ = {
			isa = PBXGroup;
			children = (
				941832051A51C3D70025FF0B /* Info.plist */,
			);
			name = "Supporting Files";
			sourceTree = "<group>";
		};
		9418321D1A51C3D70025FF0B /* FlappyBirdCloneTests */ = {
			isa = PBXGroup;
			children = (
				941832201A51C3D70025FF0B /* FlappyBirdCloneTests.swift */,
				9418321E1A51C3D70025FF0B /* Supporting Files */,
			);
			path = FlappyBirdCloneTests;
			sourceTree = "<group>";
		};
		9418321E1A51C3D70025FF0B /* Supporting Files */ = {
			isa = PBXGroup;
			children = (
				9418321F1A51C3D70025FF0B /* Info.plist */,
			);
			name = "Supporting Files";
			sourceTree = "<group>";
		};
		9418322A1A51C6260025FF0B /* Recursos */ = {
			isa = PBXGroup;
			children = (
				9418322B1A51C6260025FF0B /* Ave1.png */,
				9418322C1A51C6260025FF0B /* Ave2.png */,
				9418322D1A51C6260025FF0B /* Fondo.png */,
				9418322E1A51C6260025FF0B /* Suelo.png */,
				9418322F1A51C6260025FF0B /* Tubo1.png */,
				941832301A51C6260025FF0B /* Tubo2.png */,
			);
			path = Recursos;
			sourceTree = "<group>";
		};
/* End PBXGroup section */

/* Begin PBXNativeTarget section */
		941832001A51C3D70025FF0B /* FlappyBirdClone */ = {
			isa = PBXNativeTarget;
			buildConfigurationList = 941832241A51C3D70025FF0B /* Build configuration list for PBXNativeTarget "FlappyBirdClone" */;
			buildPhases = (
				941831FD1A51C3D70025FF0B /* Sources */,
				941831FE1A51C3D70025FF0B /* Frameworks */,
				941831FF1A51C3D70025FF0B /* Resources */,
			);
			buildRules = (
			);
			dependencies = (
			);
			name = FlappyBirdClone;
			productName = FlappyBirdClone;
			productReference = 941832011A51C3D70025FF0B /* FlappyBirdClone.app */;
			productType = "com.apple.product-type.application";
		};
		941832191A51C3D70025FF0B /* FlappyBirdCloneTests */ = {
			isa = PBXNativeTarget;
			buildConfigurationList = 941832271A51C3D70025FF0B /* Build configuration list for PBXNativeTarget "FlappyBirdCloneTests" */;
			buildPhases = (
				941832161A51C3D70025FF0B /* Sources */,
				941832171A51C3D70025FF0B /* Frameworks */,
				941832181A51C3D70025FF0B /* Resources */,
			);
			buildRules = (
			);
			dependencies = (
				9418321C1A51C3D70025FF0B /* PBXTargetDependency */,
			);
			name = FlappyBirdCloneTests;
			productName = FlappyBirdCloneTests;
			productReference = 9418321A1A51C3D70025FF0B /* FlappyBirdCloneTests.xctest */;
			productType = "com.apple.product-type.bundle.unit-test";
		};
/* End PBXNativeTarget section */

/* Begin PBXProject section */
		941831F91A51C3D70025FF0B /* Project object */ = {
			isa = PBXProject;
			attributes = {
				LastUpgradeCheck = 0610;
				ORGANIZATIONNAME = "Gonzalo Salazar Velasquez";
				TargetAttributes = {
					941832001A51C3D70025FF0B = {
						CreatedOnToolsVersion = 6.1.1;
					};
					941832191A51C3D70025FF0B = {
						CreatedOnToolsVersion = 6.1.1;
						TestTargetID = 941832001A51C3D70025FF0B;
					};
				};
			};
			buildConfigurationList = 941831FC1A51C3D70025FF0B /* Build configuration list for PBXProject "FlappyBirdClone" */;
			compatibilityVersion = "Xcode 3.2";
			developmentRegion = English;
			hasScannedForEncodings = 0;
			knownRegions = (
				en,
				Base,
			);
			mainGroup = 941831F81A51C3D70025FF0B;
			productRefGroup = 941832021A51C3D70025FF0B /* Products */;
			projectDirPath = "";
			projectRoot = "";
			targets = (
				941832001A51C3D70025FF0B /* FlappyBirdClone */,
				941832191A51C3D70025FF0B /* FlappyBirdCloneTests */,
			);
		};
/* End PBXProject section */

/* Begin PBXResourcesBuildPhase section */
		941831FF1A51C3D70025FF0B /* Resources */ = {
			isa = PBXResourcesBuildPhase;
			buildActionMask = 2147483647;
			files = (
				941832151A51C3D70025FF0B /* LaunchScreen.xib in Resources */,
				941832121A51C3D70025FF0B /* Images.xcassets in Resources */,
				941832331A51C6260025FF0B /* Fondo.png in Resources */,
				941832311A51C6260025FF0B /* Ave1.png in Resources */,
				941832341A51C6260025FF0B /* Suelo.png in Resources */,
				941832321A51C6260025FF0B /* Ave2.png in Resources */,
				941832351A51C6260025FF0B /* Tubo1.png in Resources */,
				941832091A51C3D70025FF0B /* GameScene.sks in Resources */,
				941832361A51C6260025FF0B /* Tubo2.png in Resources */,
				941832101A51C3D70025FF0B /* Main.storyboard in Resources */,
			);
			runOnlyForDeploymentPostprocessing = 0;
		};
		941832181A51C3D70025FF0B /* Resources */ = {
			isa = PBXResourcesBuildPhase;
			buildActionMask = 2147483647;
			files = (
			);
			runOnlyForDeploymentPostprocessing = 0;
		};
/* End PBXResourcesBuildPhase section */

/* Begin PBXSourcesBuildPhase section */
		941831FD1A51C3D70025FF0B /* Sources */ = {
			isa = PBXSourcesBuildPhase;
			buildActionMask = 2147483647;
			files = (
				9418320B1A51C3D70025FF0B /* GameScene.swift in Sources */,
				9418320D1A51C3D70025FF0B /* GameViewController.swift in Sources */,
				941832071A51C3D70025FF0B /* AppDelegate.swift in Sources */,
			);
			runOnlyForDeploymentPostprocessing = 0;
		};
		941832161A51C3D70025FF0B /* Sources */ = {
			isa = PBXSourcesBuildPhase;
			buildActionMask = 2147483647;
			files = (
				941832211A51C3D70025FF0B /* FlappyBirdCloneTests.swift in Sources */,
			);
			runOnlyForDeploymentPostprocessing = 0;
		};
/* End PBXSourcesBuildPhase section */

/* Begin PBXTargetDependency section */
		9418321C1A51C3D70025FF0B /* PBXTargetDependency */ = {
			isa = PBXTargetDependency;
			target = 941832001A51C3D70025FF0B /* FlappyBirdClone */;
			targetProxy = 9418321B1A51C3D70025FF0B /* PBXContainerItemProxy */;
		};
/* End PBXTargetDependency section */

/* Begin PBXVariantGroup section */
		9418320E1A51C3D70025FF0B /* Main.storyboard */ = {
			isa = PBXVariantGroup;
			children = (
				9418320F1A51C3D70025FF0B /* Base */,
			);
			name = Main.storyboard;
			sourceTree = "<group>";
		};
		941832131A51C3D70025FF0B /* LaunchScreen.xib */ = {
			isa = PBXVariantGroup;
			children = (
				941832141A51C3D70025FF0B /* Base */,
			);
			name = LaunchScreen.xib;
			sourceTree = "<group>";
		};
/* End PBXVariantGroup section */

/* Begin XCBuildConfiguration section */
		941832221A51C3D70025FF0B /* Debug */ = {
			isa = XCBuildConfiguration;
			buildSettings = {
				ALWAYS_SEARCH_USER_PATHS = NO;
				CLANG_CXX_LANGUAGE_STANDARD = "gnu++0x";
				CLANG_CXX_LIBRARY = "libc++";
				CLANG_ENABLE_MODULES = YES;
				CLANG_ENABLE_OBJC_ARC = YES;
				CLANG_WARN_BOOL_CONVERSION = YES;
				CLANG_WARN_CONSTANT_CONVERSION = YES;
				CLANG_WARN_DIRECT_OBJC_ISA_USAGE = YES_ERROR;
				CLANG_WARN_EMPTY_BODY = YES;
				CLANG_WARN_ENUM_CONVERSION = YES;
				CLANG_WARN_INT_CONVERSION = YES;
				CLANG_WARN_OBJC_ROOT_CLASS = YES_ERROR;
				CLANG_WARN_UNREACHABLE_CODE = YES;
				CLANG_WARN__DUPLICATE_METHOD_MATCH = YES;
				"CODE_SIGN_IDENTITY[sdk=iphoneos*]" = "iPhone Developer";
				COPY_PHASE_STRIP = NO;
				ENABLE_STRICT_OBJC_MSGSEND = YES;
				GCC_C_LANGUAGE_STANDARD = gnu99;
				GCC_DYNAMIC_NO_PIC = NO;
				GCC_OPTIMIZATION_LEVEL = 0;
				GCC_PREPROCESSOR_DEFINITIONS = (
					"DEBUG=1",
					"$(inherited)",
				);
				GCC_SYMBOLS_PRIVATE_EXTERN = NO;
				GCC_WARN_64_TO_32_BIT_CONVERSION = YES;
				GCC_WARN_ABOUT_RETURN_TYPE = YES_ERROR;
				GCC_WARN_UNDECLARED_SELECTOR = YES;
				GCC_WARN_UNINITIALIZED_AUTOS = YES_AGGRESSIVE;
				GCC_WARN_UNUSED_FUNCTION = YES;
				GCC_WARN_UNUSED_VARIABLE = YES;
				IPHONEOS_DEPLOYMENT_TARGET = 8.1;
				MTL_ENABLE_DEBUG_INFO = YES;
				ONLY_ACTIVE_ARCH = YES;
				SDKROOT = iphoneos;
				SWIFT_OPTIMIZATION_LEVEL = "-Onone";
				TARGETED_DEVICE_FAMILY = "1,2";
			};
			name = Debug;
		};
		941832231A51C3D70025FF0B /* Release */ = {
			isa = XCBuildConfiguration;
			buildSettings = {
				ALWAYS_SEARCH_USER_PATHS = NO;
				CLANG_CXX_LANGUAGE_STANDARD = "gnu++0x";
				CLANG_CXX_LIBRARY = "libc++";
				CLANG_ENABLE_MODULES = YES;
				CLANG_ENABLE_OBJC_ARC = YES;
				CLANG_WARN_BOOL_CONVERSION = YES;
				CLANG_WARN_CONSTANT_CONVERSION = YES;
				CLANG_WARN_DIRECT_OBJC_ISA_USAGE = YES_ERROR;
				CLANG_WARN_EMPTY_BODY = YES;
				CLANG_WARN_ENUM_CONVERSION = YES;
				CLANG_WARN_INT_CONVERSION = YES;
				CLANG_WARN_OBJC_ROOT_CLASS = YES_ERROR;
				CLANG_WARN_UNREACHABLE_CODE = YES;
				CLANG_WARN__DUPLICATE_METHOD_MATCH = YES;
				"CODE_SIGN_IDENTITY[sdk=iphoneos*]" = "iPhone Developer";
				COPY_PHASE_STRIP = YES;
				ENABLE_NS_ASSERTIONS = NO;
				ENABLE_STRICT_OBJC_MSGSEND = YES;
				GCC_C_LANGUAGE_STANDARD = gnu99;
				GCC_WARN_64_TO_32_BIT_CONVERSION = YES;
				GCC_WARN_ABOUT_RETURN_TYPE = YES_ERROR;
				GCC_WARN_UNDECLARED_SELECTOR = YES;
				GCC_WARN_UNINITIALIZED_AUTOS = YES_AGGRESSIVE;
				GCC_WARN_UNUSED_FUNCTION = YES;
				GCC_WARN_UNUSED_VARIABLE = YES;
				IPHONEOS_DEPLOYMENT_TARGET = 8.1;
				MTL_ENABLE_DEBUG_INFO = NO;
				SDKROOT = iphoneos;
				TARGETED_DEVICE_FAMILY = "1,2";
				VALIDATE_PRODUCT = YES;
			};
			name = Release;
		};
		941832251A51C3D70025FF0B /* Debug */ = {
			isa = XCBuildConfiguration;
			buildSettings = {
				ASSETCATALOG_COMPILER_APPICON_NAME = AppIcon;
				INFOPLIST_FILE = FlappyBirdClone/Info.plist;
				IPHONEOS_DEPLOYMENT_TARGET = 8.1;
				LD_RUNPATH_SEARCH_PATHS = "$(inherited) @executable_path/Frameworks";
				PRODUCT_NAME = "$(TARGET_NAME)";
			};
			name = Debug;
		};
		941832261A51C3D70025FF0B /* Release */ = {
			isa = XCBuildConfiguration;
			buildSettings = {
				ASSETCATALOG_COMPILER_APPICON_NAME = AppIcon;
				INFOPLIST_FILE = FlappyBirdClone/Info.plist;
				IPHONEOS_DEPLOYMENT_TARGET = 8.1;
				LD_RUNPATH_SEARCH_PATHS = "$(inherited) @executable_path/Frameworks";
				PRODUCT_NAME = "$(TARGET_NAME)";
			};
			name = Release;
		};
		941832281A51C3D70025FF0B /* Debug */ = {
			isa = XCBuildConfiguration;
			buildSettings = {
				BUNDLE_LOADER = "$(TEST_HOST)";
				FRAMEWORK_SEARCH_PATHS = (
					"$(SDKROOT)/Developer/Library/Frameworks",
					"$(inherited)",
				);
				GCC_PREPROCESSOR_DEFINITIONS = (
					"DEBUG=1",
					"$(inherited)",
				);
				INFOPLIST_FILE = FlappyBirdCloneTests/Info.plist;
				LD_RUNPATH_SEARCH_PATHS = "$(inherited) @executable_path/Frameworks @loader_path/Frameworks";
				PRODUCT_NAME = "$(TARGET_NAME)";
				TEST_HOST = "$(BUILT_PRODUCTS_DIR)/FlappyBirdClone.app/FlappyBirdClone";
			};
			name = Debug;
		};
		941832291A51C3D70025FF0B /* Release */ = {
			isa = XCBuildConfiguration;
			buildSettings = {
				BUNDLE_LOADER = "$(TEST_HOST)";
				FRAMEWORK_SEARCH_PATHS = (
					"$(SDKROOT)/Developer/Library/Frameworks",
					"$(inherited)",
				);
				INFOPLIST_FILE = FlappyBirdCloneTests/Info.plist;
				LD_RUNPATH_SEARCH_PATHS = "$(inherited) @executable_path/Frameworks @loader_path/Frameworks";
				PRODUCT_NAME = "$(TARGET_NAME)";
				TEST_HOST = "$(BUILT_PRODUCTS_DIR)/FlappyBirdClone.app/FlappyBirdClone";
			};
			name = Release;
		};
/* End XCBuildConfiguration section */

/* Begin XCConfigurationList section */
		941831FC1A51C3D70025FF0B /* Build configuration list for PBXProject "FlappyBirdClone" */ = {
			isa = XCConfigurationList;
			buildConfigurations = (
				941832221A51C3D70025FF0B /* Debug */,
				941832231A51C3D70025FF0B /* Release */,
			);
			defaultConfigurationIsVisible = 0;
			defaultConfigurationName = Release;
		};
		941832241A51C3D70025FF0B /* Build configuration list for PBXNativeTarget "FlappyBirdClone" */ = {
			isa = XCConfigurationList;
			buildConfigurations = (
				941832251A51C3D70025FF0B /* Debug */,
				941832261A51C3D70025FF0B /* Release */,
			);
			defaultConfigurationIsVisible = 0;
			defaultConfigurationName = Release;
		};
		941832271A51C3D70025FF0B /* Build configuration list for PBXNativeTarget "FlappyBirdCloneTests" */ = {
			isa = XCConfigurationList;
			buildConfigurations = (
				941832281A51C3D70025FF0B /* Debug */,
				941832291A51C3D70025FF0B /* Release */,
			);
			defaultConfigurationIsVisible = 0;
			defaultConfigurationName = Release;
		};
/* End XCConfigurationList section */
	};
	rootObject = 941831F91A51C3D70025FF0B /* Project object */;
}
